
Microsoft Visual Studio Solution File, Format Version 12.00
# Visual Studio Version 16
VisualStudioVersion = 16.0.28803.452
MinimumVisualStudioVersion = 10.0.40219.1
Project("{9A19103F-16F7-4668-BE54-9A1E7A4F7556}") = "BitFlyerDotNet.LightningApi", "BitFlyerDotNet.LightningApi\BitFlyerDotNet.LightningApi.csproj", "{9FA12A70-5D3F-4107-9E6A-DDF5DD0B3778}"
EndProject
Project("{2150E333-8FDC-42A3-9474-1A3956D46DE8}") = "Samples", "Samples", "{ADD45BCB-D5E2-4D5C-A4BD-820833C9597F}"
EndProject
Project("{2150E333-8FDC-42A3-9474-1A3956D46DE8}") = "Solution Items", "Solution Items", "{D7EC7583-901A-4F60-88ED-9F33C10350D8}"
	ProjectSection(SolutionItems) = preProject
		LICENSE = LICENSE
		README.ja-JP.md = README.ja-JP.md
		README.md = README.md
	EndProjectSection
EndProject
Project("{9A19103F-16F7-4668-BE54-9A1E7A4F7556}") = "RealTimeApiSample", "Samples\RealTimeApiSample\RealTimeApiSample.csproj", "{9A745091-C3D4-4608-A97B-D1249B010DDF}"
EndProject
Project("{FAE04EC0-301F-11D3-BF4B-00C04F79EFBC}") = "PriceFlyerTicker.UI", "PriceFlyerTicker.UI\PriceFlyerTicker.UI.csproj", "{F523BD8A-03B8-4D60-94A2-50361DA44A77}"
EndProject
Project("{9A19103F-16F7-4668-BE54-9A1E7A4F7556}") = "PriceFlyerTicker.UI.Core", "PriceFlyerTicker.UI.Core\PriceFlyerTicker.UI.Core.csproj", "{C1E38EC7-BCDA-4831-8952-B33D52821248}"
EndProject
Project("{9A19103F-16F7-4668-BE54-9A1E7A4F7556}") = "PriceFlyerTicker.UI.Core.Tests.NUnit", "PriceFlyerTicker.UI.Core.Tests.NUnit\PriceFlyerTicker.UI.Core.Tests.NUnit.csproj", "{BC17FE22-6D84-4322-803D-8412FF045799}"
EndProject
Global
	GlobalSection(SolutionConfigurationPlatforms) = preSolution
		Ad-Hoc|Any CPU = Ad-Hoc|Any CPU
		Ad-Hoc|ARM = Ad-Hoc|ARM
		Ad-Hoc|ARM64 = Ad-Hoc|ARM64
		Ad-Hoc|iPhone = Ad-Hoc|iPhone
		Ad-Hoc|iPhoneSimulator = Ad-Hoc|iPhoneSimulator
		Ad-Hoc|x64 = Ad-Hoc|x64
		Ad-Hoc|x86 = Ad-Hoc|x86
		AppStore|Any CPU = AppStore|Any CPU
		AppStore|ARM = AppStore|ARM
		AppStore|ARM64 = AppStore|ARM64
		AppStore|iPhone = AppStore|iPhone
		AppStore|iPhoneSimulator = AppStore|iPhoneSimulator
		AppStore|x64 = AppStore|x64
		AppStore|x86 = AppStore|x86
		Debug|Any CPU = Debug|Any CPU
		Debug|ARM = Debug|ARM
		Debug|ARM64 = Debug|ARM64
		Debug|iPhone = Debug|iPhone
		Debug|iPhoneSimulator = Debug|iPhoneSimulator
		Debug|x64 = Debug|x64
		Debug|x86 = Debug|x86
		Release|Any CPU = Release|Any CPU
		Release|ARM = Release|ARM
		Release|ARM64 = Release|ARM64
		Release|iPhone = Release|iPhone
		Release|iPhoneSimulator = Release|iPhoneSimulator
		Release|x64 = Release|x64
		Release|x86 = Release|x86
	EndGlobalSection
	GlobalSection(ProjectConfigurationPlatforms) = postSolution
		{9FA12A70-5D3F-4107-9E6A-DDF5DD0B3778}.Ad-Hoc|Any CPU.ActiveCfg = Release|Any CPU
		{9FA12A70-5D3F-4107-9E6A-DDF5DD0B3778}.Ad-Hoc|Any CPU.Build.0 = Release|Any CPU
		{9FA12A70-5D3F-4107-9E6A-DDF5DD0B3778}.Ad-Hoc|ARM.ActiveCfg = Debug|Any CPU
		{9FA12A70-5D3F-4107-9E6A-DDF5DD0B3778}.Ad-Hoc|ARM.Build.0 = Debug|Any CPU
		{9FA12A70-5D3F-4107-9E6A-DDF5DD0B3778}.Ad-Hoc|ARM64.ActiveCfg = Debug|Any CPU
		{9FA12A70-5D3F-4107-9E6A-DDF5DD0B3778}.Ad-Hoc|ARM64.Build.0 = Debug|Any CPU
		{9FA12A70-5D3F-4107-9E6A-DDF5DD0B3778}.Ad-Hoc|iPhone.ActiveCfg = Release|Any CPU
		{9FA12A70-5D3F-4107-9E6A-DDF5DD0B3778}.Ad-Hoc|iPhone.Build.0 = Release|Any CPU
		{9FA12A70-5D3F-4107-9E6A-DDF5DD0B3778}.Ad-Hoc|iPhoneSimulator.ActiveCfg = Release|Any CPU
		{9FA12A70-5D3F-4107-9E6A-DDF5DD0B3778}.Ad-Hoc|iPhoneSimulator.Build.0 = Release|Any CPU
		{9FA12A70-5D3F-4107-9E6A-DDF5DD0B3778}.Ad-Hoc|x64.ActiveCfg = Debug|Any CPU
		{9FA12A70-5D3F-4107-9E6A-DDF5DD0B3778}.Ad-Hoc|x64.Build.0 = Debug|Any CPU
		{9FA12A70-5D3F-4107-9E6A-DDF5DD0B3778}.Ad-Hoc|x86.ActiveCfg = Debug|Any CPU
		{9FA12A70-5D3F-4107-9E6A-DDF5DD0B3778}.Ad-Hoc|x86.Build.0 = Debug|Any CPU
		{9FA12A70-5D3F-4107-9E6A-DDF5DD0B3778}.AppStore|Any CPU.ActiveCfg = Release|Any CPU
		{9FA12A70-5D3F-4107-9E6A-DDF5DD0B3778}.AppStore|Any CPU.Build.0 = Release|Any CPU
		{9FA12A70-5D3F-4107-9E6A-DDF5DD0B3778}.AppStore|ARM.ActiveCfg = Debug|Any CPU
		{9FA12A70-5D3F-4107-9E6A-DDF5DD0B3778}.AppStore|ARM.Build.0 = Debug|Any CPU
		{9FA12A70-5D3F-4107-9E6A-DDF5DD0B3778}.AppStore|ARM64.ActiveCfg = Debug|Any CPU
		{9FA12A70-5D3F-4107-9E6A-DDF5DD0B3778}.AppStore|ARM64.Build.0 = Debug|Any CPU
		{9FA12A70-5D3F-4107-9E6A-DDF5DD0B3778}.AppStore|iPhone.ActiveCfg = Release|Any CPU
		{9FA12A70-5D3F-4107-9E6A-DDF5DD0B3778}.AppStore|iPhone.Build.0 = Release|Any CPU
		{9FA12A70-5D3F-4107-9E6A-DDF5DD0B3778}.AppStore|iPhoneSimulator.ActiveCfg = Release|Any CPU
		{9FA12A70-5D3F-4107-9E6A-DDF5DD0B3778}.AppStore|iPhoneSimulator.Build.0 = Release|Any CPU
		{9FA12A70-5D3F-4107-9E6A-DDF5DD0B3778}.AppStore|x64.ActiveCfg = Debug|Any CPU
		{9FA12A70-5D3F-4107-9E6A-DDF5DD0B3778}.AppStore|x64.Build.0 = Debug|Any CPU
		{9FA12A70-5D3F-4107-9E6A-DDF5DD0B3778}.AppStore|x86.ActiveCfg = Debug|Any CPU
		{9FA12A70-5D3F-4107-9E6A-DDF5DD0B3778}.AppStore|x86.Build.0 = Debug|Any CPU
		{9FA12A70-5D3F-4107-9E6A-DDF5DD0B3778}.Debug|Any CPU.ActiveCfg = Debug|Any CPU
		{9FA12A70-5D3F-4107-9E6A-DDF5DD0B3778}.Debug|Any CPU.Build.0 = Debug|Any CPU
		{9FA12A70-5D3F-4107-9E6A-DDF5DD0B3778}.Debug|ARM.ActiveCfg = Debug|Any CPU
		{9FA12A70-5D3F-4107-9E6A-DDF5DD0B3778}.Debug|ARM.Build.0 = Debug|Any CPU
		{9FA12A70-5D3F-4107-9E6A-DDF5DD0B3778}.Debug|ARM64.ActiveCfg = Debug|Any CPU
		{9FA12A70-5D3F-4107-9E6A-DDF5DD0B3778}.Debug|ARM64.Build.0 = Debug|Any CPU
		{9FA12A70-5D3F-4107-9E6A-DDF5DD0B3778}.Debug|iPhone.ActiveCfg = Debug|Any CPU
		{9FA12A70-5D3F-4107-9E6A-DDF5DD0B3778}.Debug|iPhone.Build.0 = Debug|Any CPU
		{9FA12A70-5D3F-4107-9E6A-DDF5DD0B3778}.Debug|iPhoneSimulator.ActiveCfg = Debug|Any CPU
		{9FA12A70-5D3F-4107-9E6A-DDF5DD0B3778}.Debug|iPhoneSimulator.Build.0 = Debug|Any CPU
		{9FA12A70-5D3F-4107-9E6A-DDF5DD0B3778}.Debug|x64.ActiveCfg = Debug|Any CPU
		{9FA12A70-5D3F-4107-9E6A-DDF5DD0B3778}.Debug|x64.Build.0 = Debug|Any CPU
		{9FA12A70-5D3F-4107-9E6A-DDF5DD0B3778}.Debug|x86.ActiveCfg = Debug|Any CPU
		{9FA12A70-5D3F-4107-9E6A-DDF5DD0B3778}.Debug|x86.Build.0 = Debug|Any CPU
		{9FA12A70-5D3F-4107-9E6A-DDF5DD0B3778}.Release|Any CPU.ActiveCfg = Release|Any CPU
		{9FA12A70-5D3F-4107-9E6A-DDF5DD0B3778}.Release|Any CPU.Build.0 = Release|Any CPU
		{9FA12A70-5D3F-4107-9E6A-DDF5DD0B3778}.Release|ARM.ActiveCfg = Release|Any CPU
		{9FA12A70-5D3F-4107-9E6A-DDF5DD0B3778}.Release|ARM.Build.0 = Release|Any CPU
		{9FA12A70-5D3F-4107-9E6A-DDF5DD0B3778}.Release|ARM64.ActiveCfg = Release|Any CPU
		{9FA12A70-5D3F-4107-9E6A-DDF5DD0B3778}.Release|ARM64.Build.0 = Release|Any CPU
		{9FA12A70-5D3F-4107-9E6A-DDF5DD0B3778}.Release|iPhone.ActiveCfg = Release|Any CPU
		{9FA12A70-5D3F-4107-9E6A-DDF5DD0B3778}.Release|iPhone.Build.0 = Release|Any CPU
		{9FA12A70-5D3F-4107-9E6A-DDF5DD0B3778}.Release|iPhoneSimulator.ActiveCfg = Release|Any CPU
		{9FA12A70-5D3F-4107-9E6A-DDF5DD0B3778}.Release|iPhoneSimulator.Build.0 = Release|Any CPU
		{9FA12A70-5D3F-4107-9E6A-DDF5DD0B3778}.Release|x64.ActiveCfg = Release|Any CPU
		{9FA12A70-5D3F-4107-9E6A-DDF5DD0B3778}.Release|x64.Build.0 = Release|Any CPU
		{9FA12A70-5D3F-4107-9E6A-DDF5DD0B3778}.Release|x86.ActiveCfg = Release|Any CPU
		{9FA12A70-5D3F-4107-9E6A-DDF5DD0B3778}.Release|x86.Build.0 = Release|Any CPU
		{9A745091-C3D4-4608-A97B-D1249B010DDF}.Ad-Hoc|Any CPU.ActiveCfg = Release|Any CPU
		{9A745091-C3D4-4608-A97B-D1249B010DDF}.Ad-Hoc|Any CPU.Build.0 = Release|Any CPU
		{9A745091-C3D4-4608-A97B-D1249B010DDF}.Ad-Hoc|ARM.ActiveCfg = Debug|Any CPU
		{9A745091-C3D4-4608-A97B-D1249B010DDF}.Ad-Hoc|ARM.Build.0 = Debug|Any CPU
		{9A745091-C3D4-4608-A97B-D1249B010DDF}.Ad-Hoc|ARM64.ActiveCfg = Debug|Any CPU
		{9A745091-C3D4-4608-A97B-D1249B010DDF}.Ad-Hoc|ARM64.Build.0 = Debug|Any CPU
		{9A745091-C3D4-4608-A97B-D1249B010DDF}.Ad-Hoc|iPhone.ActiveCfg = Release|Any CPU
		{9A745091-C3D4-4608-A97B-D1249B010DDF}.Ad-Hoc|iPhone.Build.0 = Release|Any CPU
		{9A745091-C3D4-4608-A97B-D1249B010DDF}.Ad-Hoc|iPhoneSimulator.ActiveCfg = Release|Any CPU
		{9A745091-C3D4-4608-A97B-D1249B010DDF}.Ad-Hoc|iPhoneSimulator.Build.0 = Release|Any CPU
		{9A745091-C3D4-4608-A97B-D1249B010DDF}.Ad-Hoc|x64.ActiveCfg = Debug|Any CPU
		{9A745091-C3D4-4608-A97B-D1249B010DDF}.Ad-Hoc|x64.Build.0 = Debug|Any CPU
		{9A745091-C3D4-4608-A97B-D1249B010DDF}.Ad-Hoc|x86.ActiveCfg = Debug|Any CPU
		{9A745091-C3D4-4608-A97B-D1249B010DDF}.Ad-Hoc|x86.Build.0 = Debug|Any CPU
		{9A745091-C3D4-4608-A97B-D1249B010DDF}.AppStore|Any CPU.ActiveCfg = Release|Any CPU
		{9A745091-C3D4-4608-A97B-D1249B010DDF}.AppStore|Any CPU.Build.0 = Release|Any CPU
		{9A745091-C3D4-4608-A97B-D1249B010DDF}.AppStore|ARM.ActiveCfg = Debug|Any CPU
		{9A745091-C3D4-4608-A97B-D1249B010DDF}.AppStore|ARM.Build.0 = Debug|Any CPU
		{9A745091-C3D4-4608-A97B-D1249B010DDF}.AppStore|ARM64.ActiveCfg = Debug|Any CPU
		{9A745091-C3D4-4608-A97B-D1249B010DDF}.AppStore|ARM64.Build.0 = Debug|Any CPU
		{9A745091-C3D4-4608-A97B-D1249B010DDF}.AppStore|iPhone.ActiveCfg = Release|Any CPU
		{9A745091-C3D4-4608-A97B-D1249B010DDF}.AppStore|iPhone.Build.0 = Release|Any CPU
		{9A745091-C3D4-4608-A97B-D1249B010DDF}.AppStore|iPhoneSimulator.ActiveCfg = Release|Any CPU
		{9A745091-C3D4-4608-A97B-D1249B010DDF}.AppStore|iPhoneSimulator.Build.0 = Release|Any CPU
		{9A745091-C3D4-4608-A97B-D1249B010DDF}.AppStore|x64.ActiveCfg = Debug|Any CPU
		{9A745091-C3D4-4608-A97B-D1249B010DDF}.AppStore|x64.Build.0 = Debug|Any CPU
		{9A745091-C3D4-4608-A97B-D1249B010DDF}.AppStore|x86.ActiveCfg = Debug|Any CPU
		{9A745091-C3D4-4608-A97B-D1249B010DDF}.AppStore|x86.Build.0 = Debug|Any CPU
		{9A745091-C3D4-4608-A97B-D1249B010DDF}.Debug|Any CPU.ActiveCfg = Debug|Any CPU
		{9A745091-C3D4-4608-A97B-D1249B010DDF}.Debug|Any CPU.Build.0 = Debug|Any CPU
		{9A745091-C3D4-4608-A97B-D1249B010DDF}.Debug|ARM.ActiveCfg = Debug|Any CPU
		{9A745091-C3D4-4608-A97B-D1249B010DDF}.Debug|ARM.Build.0 = Debug|Any CPU
		{9A745091-C3D4-4608-A97B-D1249B010DDF}.Debug|ARM64.ActiveCfg = Debug|Any CPU
		{9A745091-C3D4-4608-A97B-D1249B010DDF}.Debug|ARM64.Build.0 = Debug|Any CPU
		{9A745091-C3D4-4608-A97B-D1249B010DDF}.Debug|iPhone.ActiveCfg = Debug|Any CPU
		{9A745091-C3D4-4608-A97B-D1249B010DDF}.Debug|iPhone.Build.0 = Debug|Any CPU
		{9A745091-C3D4-4608-A97B-D1249B010DDF}.Debug|iPhoneSimulator.ActiveCfg = Debug|Any CPU
		{9A745091-C3D4-4608-A97B-D1249B010DDF}.Debug|iPhoneSimulator.Build.0 = Debug|Any CPU
		{9A745091-C3D4-4608-A97B-D1249B010DDF}.Debug|x64.ActiveCfg = Debug|Any CPU
		{9A745091-C3D4-4608-A97B-D1249B010DDF}.Debug|x64.Build.0 = Debug|Any CPU
		{9A745091-C3D4-4608-A97B-D1249B010DDF}.Debug|x86.ActiveCfg = Debug|Any CPU
		{9A745091-C3D4-4608-A97B-D1249B010DDF}.Debug|x86.Build.0 = Debug|Any CPU
		{9A745091-C3D4-4608-A97B-D1249B010DDF}.Release|Any CPU.ActiveCfg = Release|Any CPU
		{9A745091-C3D4-4608-A97B-D1249B010DDF}.Release|Any CPU.Build.0 = Release|Any CPU
		{9A745091-C3D4-4608-A97B-D1249B010DDF}.Release|ARM.ActiveCfg = Release|Any CPU
		{9A745091-C3D4-4608-A97B-D1249B010DDF}.Release|ARM.Build.0 = Release|Any CPU
		{9A745091-C3D4-4608-A97B-D1249B010DDF}.Release|ARM64.ActiveCfg = Release|Any CPU
		{9A745091-C3D4-4608-A97B-D1249B010DDF}.Release|ARM64.Build.0 = Release|Any CPU
		{9A745091-C3D4-4608-A97B-D1249B010DDF}.Release|iPhone.ActiveCfg = Release|Any CPU
		{9A745091-C3D4-4608-A97B-D1249B010DDF}.Release|iPhone.Build.0 = Release|Any CPU
		{9A745091-C3D4-4608-A97B-D1249B010DDF}.Release|iPhoneSimulator.ActiveCfg = Release|Any CPU
		{9A745091-C3D4-4608-A97B-D1249B010DDF}.Release|iPhoneSimulator.Build.0 = Release|Any CPU
		{9A745091-C3D4-4608-A97B-D1249B010DDF}.Release|x64.ActiveCfg = Release|Any CPU
		{9A745091-C3D4-4608-A97B-D1249B010DDF}.Release|x64.Build.0 = Release|Any CPU
		{9A745091-C3D4-4608-A97B-D1249B010DDF}.Release|x86.ActiveCfg = Release|Any CPU
		{9A745091-C3D4-4608-A97B-D1249B010DDF}.Release|x86.Build.0 = Release|Any CPU
		{F523BD8A-03B8-4D60-94A2-50361DA44A77}.Ad-Hoc|Any CPU.ActiveCfg = Release|x64
		{F523BD8A-03B8-4D60-94A2-50361DA44A77}.Ad-Hoc|Any CPU.Build.0 = Release|x64
		{F523BD8A-03B8-4D60-94A2-50361DA44A77}.Ad-Hoc|Any CPU.Deploy.0 = Release|x64
		{F523BD8A-03B8-4D60-94A2-50361DA44A77}.Ad-Hoc|ARM.ActiveCfg = Release|ARM
		{F523BD8A-03B8-4D60-94A2-50361DA44A77}.Ad-Hoc|ARM.Build.0 = Release|ARM
		{F523BD8A-03B8-4D60-94A2-50361DA44A77}.Ad-Hoc|ARM.Deploy.0 = Release|ARM
		{F523BD8A-03B8-4D60-94A2-50361DA44A77}.Ad-Hoc|ARM64.ActiveCfg = Release|x64
		{F523BD8A-03B8-4D60-94A2-50361DA44A77}.Ad-Hoc|ARM64.Build.0 = Release|x64
		{F523BD8A-03B8-4D60-94A2-50361DA44A77}.Ad-Hoc|ARM64.Deploy.0 = Release|x64
		{F523BD8A-03B8-4D60-94A2-50361DA44A77}.Ad-Hoc|iPhone.ActiveCfg = Release|x64
		{F523BD8A-03B8-4D60-94A2-50361DA44A77}.Ad-Hoc|iPhone.Build.0 = Release|x64
		{F523BD8A-03B8-4D60-94A2-50361DA44A77}.Ad-Hoc|iPhone.Deploy.0 = Release|x64
		{F523BD8A-03B8-4D60-94A2-50361DA44A77}.Ad-Hoc|iPhoneSimulator.ActiveCfg = Release|x64
		{F523BD8A-03B8-4D60-94A2-50361DA44A77}.Ad-Hoc|iPhoneSimulator.Build.0 = Release|x64
		{F523BD8A-03B8-4D60-94A2-50361DA44A77}.Ad-Hoc|iPhoneSimulator.Deploy.0 = Release|x64
		{F523BD8A-03B8-4D60-94A2-50361DA44A77}.Ad-Hoc|x64.ActiveCfg = Release|x64
		{F523BD8A-03B8-4D60-94A2-50361DA44A77}.Ad-Hoc|x64.Build.0 = Release|x64
		{F523BD8A-03B8-4D60-94A2-50361DA44A77}.Ad-Hoc|x64.Deploy.0 = Release|x64
		{F523BD8A-03B8-4D60-94A2-50361DA44A77}.Ad-Hoc|x86.ActiveCfg = Release|x86
		{F523BD8A-03B8-4D60-94A2-50361DA44A77}.Ad-Hoc|x86.Build.0 = Release|x86
		{F523BD8A-03B8-4D60-94A2-50361DA44A77}.Ad-Hoc|x86.Deploy.0 = Release|x86
		{F523BD8A-03B8-4D60-94A2-50361DA44A77}.AppStore|Any CPU.ActiveCfg = Release|x64
		{F523BD8A-03B8-4D60-94A2-50361DA44A77}.AppStore|Any CPU.Build.0 = Release|x64
		{F523BD8A-03B8-4D60-94A2-50361DA44A77}.AppStore|Any CPU.Deploy.0 = Release|x64
		{F523BD8A-03B8-4D60-94A2-50361DA44A77}.AppStore|ARM.ActiveCfg = Release|ARM
		{F523BD8A-03B8-4D60-94A2-50361DA44A77}.AppStore|ARM.Build.0 = Release|ARM
		{F523BD8A-03B8-4D60-94A2-50361DA44A77}.AppStore|ARM.Deploy.0 = Release|ARM
		{F523BD8A-03B8-4D60-94A2-50361DA44A77}.AppStore|ARM64.ActiveCfg = Release|x64
		{F523BD8A-03B8-4D60-94A2-50361DA44A77}.AppStore|ARM64.Build.0 = Release|x64
		{F523BD8A-03B8-4D60-94A2-50361DA44A77}.AppStore|ARM64.Deploy.0 = Release|x64
		{F523BD8A-03B8-4D60-94A2-50361DA44A77}.AppStore|iPhone.ActiveCfg = Release|x64
		{F523BD8A-03B8-4D60-94A2-50361DA44A77}.AppStore|iPhone.Build.0 = Release|x64
		{F523BD8A-03B8-4D60-94A2-50361DA44A77}.AppStore|iPhone.Deploy.0 = Release|x64
		{F523BD8A-03B8-4D60-94A2-50361DA44A77}.AppStore|iPhoneSimulator.ActiveCfg = Release|x64
		{F523BD8A-03B8-4D60-94A2-50361DA44A77}.AppStore|iPhoneSimulator.Build.0 = Release|x64
		{F523BD8A-03B8-4D60-94A2-50361DA44A77}.AppStore|iPhoneSimulator.Deploy.0 = Release|x64
		{F523BD8A-03B8-4D60-94A2-50361DA44A77}.AppStore|x64.ActiveCfg = Release|x64
		{F523BD8A-03B8-4D60-94A2-50361DA44A77}.AppStore|x64.Build.0 = Release|x64
		{F523BD8A-03B8-4D60-94A2-50361DA44A77}.AppStore|x64.Deploy.0 = Release|x64
		{F523BD8A-03B8-4D60-94A2-50361DA44A77}.AppStore|x86.ActiveCfg = Release|x86
		{F523BD8A-03B8-4D60-94A2-50361DA44A77}.AppStore|x86.Build.0 = Release|x86
		{F523BD8A-03B8-4D60-94A2-50361DA44A77}.AppStore|x86.Deploy.0 = Release|x86
		{F523BD8A-03B8-4D60-94A2-50361DA44A77}.Debug|Any CPU.ActiveCfg = Debug|x86
		{F523BD8A-03B8-4D60-94A2-50361DA44A77}.Debug|ARM.ActiveCfg = Debug|ARM
		{F523BD8A-03B8-4D60-94A2-50361DA44A77}.Debug|ARM.Build.0 = Debug|ARM
		{F523BD8A-03B8-4D60-94A2-50361DA44A77}.Debug|ARM.Deploy.0 = Debug|ARM
		{F523BD8A-03B8-4D60-94A2-50361DA44A77}.Debug|ARM64.ActiveCfg = Debug|x86
		{F523BD8A-03B8-4D60-94A2-50361DA44A77}.Debug|iPhone.ActiveCfg = Debug|x86
		{F523BD8A-03B8-4D60-94A2-50361DA44A77}.Debug|iPhoneSimulator.ActiveCfg = Debug|x86
		{F523BD8A-03B8-4D60-94A2-50361DA44A77}.Debug|x64.ActiveCfg = Debug|x64
		{F523BD8A-03B8-4D60-94A2-50361DA44A77}.Debug|x64.Build.0 = Debug|x64
		{F523BD8A-03B8-4D60-94A2-50361DA44A77}.Debug|x64.Deploy.0 = Debug|x64
		{F523BD8A-03B8-4D60-94A2-50361DA44A77}.Debug|x86.ActiveCfg = Debug|x86
		{F523BD8A-03B8-4D60-94A2-50361DA44A77}.Debug|x86.Build.0 = Debug|x86
		{F523BD8A-03B8-4D60-94A2-50361DA44A77}.Debug|x86.Deploy.0 = Debug|x86
		{F523BD8A-03B8-4D60-94A2-50361DA44A77}.Release|Any CPU.ActiveCfg = Release|x86
		{F523BD8A-03B8-4D60-94A2-50361DA44A77}.Release|ARM.ActiveCfg = Release|ARM
		{F523BD8A-03B8-4D60-94A2-50361DA44A77}.Release|ARM.Build.0 = Release|ARM
		{F523BD8A-03B8-4D60-94A2-50361DA44A77}.Release|ARM.Deploy.0 = Release|ARM
		{F523BD8A-03B8-4D60-94A2-50361DA44A77}.Release|ARM64.ActiveCfg = Release|x86
		{F523BD8A-03B8-4D60-94A2-50361DA44A77}.Release|iPhone.ActiveCfg = Release|x86
		{F523BD8A-03B8-4D60-94A2-50361DA44A77}.Release|iPhoneSimulator.ActiveCfg = Release|x86
		{F523BD8A-03B8-4D60-94A2-50361DA44A77}.Release|x64.ActiveCfg = Release|x64
		{F523BD8A-03B8-4D60-94A2-50361DA44A77}.Release|x64.Build.0 = Release|x64
		{F523BD8A-03B8-4D60-94A2-50361DA44A77}.Release|x64.Deploy.0 = Release|x64
		{F523BD8A-03B8-4D60-94A2-50361DA44A77}.Release|x86.ActiveCfg = Release|x86
		{F523BD8A-03B8-4D60-94A2-50361DA44A77}.Release|x86.Build.0 = Release|x86
		{F523BD8A-03B8-4D60-94A2-50361DA44A77}.Release|x86.Deploy.0 = Release|x86
		{C1E38EC7-BCDA-4831-8952-B33D52821248}.Ad-Hoc|Any CPU.ActiveCfg = Debug|Any CPU
		{C1E38EC7-BCDA-4831-8952-B33D52821248}.Ad-Hoc|Any CPU.Build.0 = Debug|Any CPU
		{C1E38EC7-BCDA-4831-8952-B33D52821248}.Ad-Hoc|ARM.ActiveCfg = Debug|Any CPU
		{C1E38EC7-BCDA-4831-8952-B33D52821248}.Ad-Hoc|ARM.Build.0 = Debug|Any CPU
		{C1E38EC7-BCDA-4831-8952-B33D52821248}.Ad-Hoc|ARM64.ActiveCfg = Debug|Any CPU
		{C1E38EC7-BCDA-4831-8952-B33D52821248}.Ad-Hoc|ARM64.Build.0 = Debug|Any CPU
		{C1E38EC7-BCDA-4831-8952-B33D52821248}.Ad-Hoc|iPhone.ActiveCfg = Debug|Any CPU
		{C1E38EC7-BCDA-4831-8952-B33D52821248}.Ad-Hoc|iPhone.Build.0 = Debug|Any CPU
		{C1E38EC7-BCDA-4831-8952-B33D52821248}.Ad-Hoc|iPhoneSimulator.ActiveCfg = Debug|Any CPU
		{C1E38EC7-BCDA-4831-8952-B33D52821248}.Ad-Hoc|iPhoneSimulator.Build.0 = Debug|Any CPU
		{C1E38EC7-BCDA-4831-8952-B33D52821248}.Ad-Hoc|x64.ActiveCfg = Debug|Any CPU
		{C1E38EC7-BCDA-4831-8952-B33D52821248}.Ad-Hoc|x64.Build.0 = Debug|Any CPU
		{C1E38EC7-BCDA-4831-8952-B33D52821248}.Ad-Hoc|x86.ActiveCfg = Debug|Any CPU
		{C1E38EC7-BCDA-4831-8952-B33D52821248}.Ad-Hoc|x86.Build.0 = Debug|Any CPU
		{C1E38EC7-BCDA-4831-8952-B33D52821248}.AppStore|Any CPU.ActiveCfg = Debug|Any CPU
		{C1E38EC7-BCDA-4831-8952-B33D52821248}.AppStore|Any CPU.Build.0 = Debug|Any CPU
		{C1E38EC7-BCDA-4831-8952-B33D52821248}.AppStore|ARM.ActiveCfg = Debug|Any CPU
		{C1E38EC7-BCDA-4831-8952-B33D52821248}.AppStore|ARM.Build.0 = Debug|Any CPU
		{C1E38EC7-BCDA-4831-8952-B33D52821248}.AppStore|ARM64.ActiveCfg = Debug|Any CPU
		{C1E38EC7-BCDA-4831-8952-B33D52821248}.AppStore|ARM64.Build.0 = Debug|Any CPU
		{C1E38EC7-BCDA-4831-8952-B33D52821248}.AppStore|iPhone.ActiveCfg = Debug|Any CPU
		{C1E38EC7-BCDA-4831-8952-B33D52821248}.AppStore|iPhone.Build.0 = Debug|Any CPU
		{C1E38EC7-BCDA-4831-8952-B33D52821248}.AppStore|iPhoneSimulator.ActiveCfg = Debug|Any CPU
		{C1E38EC7-BCDA-4831-8952-B33D52821248}.AppStore|iPhoneSimulator.Build.0 = Debug|Any CPU
		{C1E38EC7-BCDA-4831-8952-B33D52821248}.AppStore|x64.ActiveCfg = Debug|Any CPU
		{C1E38EC7-BCDA-4831-8952-B33D52821248}.AppStore|x64.Build.0 = Debug|Any CPU
		{C1E38EC7-BCDA-4831-8952-B33D52821248}.AppStore|x86.ActiveCfg = Debug|Any CPU
		{C1E38EC7-BCDA-4831-8952-B33D52821248}.AppStore|x86.Build.0 = Debug|Any CPU
		{C1E38EC7-BCDA-4831-8952-B33D52821248}.Debug|Any CPU.ActiveCfg = Debug|Any CPU
		{C1E38EC7-BCDA-4831-8952-B33D52821248}.Debug|Any CPU.Build.0 = Debug|Any CPU
		{C1E38EC7-BCDA-4831-8952-B33D52821248}.Debug|ARM.ActiveCfg = Debug|Any CPU
		{C1E38EC7-BCDA-4831-8952-B33D52821248}.Debug|ARM.Build.0 = Debug|Any CPU
		{C1E38EC7-BCDA-4831-8952-B33D52821248}.Debug|ARM64.ActiveCfg = Debug|Any CPU
		{C1E38EC7-BCDA-4831-8952-B33D52821248}.Debug|ARM64.Build.0 = Debug|Any CPU
		{C1E38EC7-BCDA-4831-8952-B33D52821248}.Debug|iPhone.ActiveCfg = Debug|Any CPU
		{C1E38EC7-BCDA-4831-8952-B33D52821248}.Debug|iPhone.Build.0 = Debug|Any CPU
		{C1E38EC7-BCDA-4831-8952-B33D52821248}.Debug|iPhoneSimulator.ActiveCfg = Debug|Any CPU
		{C1E38EC7-BCDA-4831-8952-B33D52821248}.Debug|iPhoneSimulator.Build.0 = Debug|Any CPU
		{C1E38EC7-BCDA-4831-8952-B33D52821248}.Debug|x64.ActiveCfg = Debug|Any CPU
		{C1E38EC7-BCDA-4831-8952-B33D52821248}.Debug|x64.Build.0 = Debug|Any CPU
		{C1E38EC7-BCDA-4831-8952-B33D52821248}.Debug|x86.ActiveCfg = Debug|Any CPU
		{C1E38EC7-BCDA-4831-8952-B33D52821248}.Debug|x86.Build.0 = Debug|Any CPU
		{C1E38EC7-BCDA-4831-8952-B33D52821248}.Release|Any CPU.ActiveCfg = Release|Any CPU
		{C1E38EC7-BCDA-4831-8952-B33D52821248}.Release|Any CPU.Build.0 = Release|Any CPU
		{C1E38EC7-BCDA-4831-8952-B33D52821248}.Release|ARM.ActiveCfg = Release|Any CPU
		{C1E38EC7-BCDA-4831-8952-B33D52821248}.Release|ARM.Build.0 = Release|Any CPU
		{C1E38EC7-BCDA-4831-8952-B33D52821248}.Release|ARM64.ActiveCfg = Release|Any CPU
		{C1E38EC7-BCDA-4831-8952-B33D52821248}.Release|ARM64.Build.0 = Release|Any CPU
		{C1E38EC7-BCDA-4831-8952-B33D52821248}.Release|iPhone.ActiveCfg = Release|Any CPU
		{C1E38EC7-BCDA-4831-8952-B33D52821248}.Release|iPhone.Build.0 = Release|Any CPU
		{C1E38EC7-BCDA-4831-8952-B33D52821248}.Release|iPhoneSimulator.ActiveCfg = Release|Any CPU
		{C1E38EC7-BCDA-4831-8952-B33D52821248}.Release|iPhoneSimulator.Build.0 = Release|Any CPU
		{C1E38EC7-BCDA-4831-8952-B33D52821248}.Release|x64.ActiveCfg = Release|Any CPU
		{C1E38EC7-BCDA-4831-8952-B33D52821248}.Release|x64.Build.0 = Release|Any CPU
		{C1E38EC7-BCDA-4831-8952-B33D52821248}.Release|x86.ActiveCfg = Release|Any CPU
		{C1E38EC7-BCDA-4831-8952-B33D52821248}.Release|x86.Build.0 = Release|Any CPU
		{BC17FE22-6D84-4322-803D-8412FF045799}.Ad-Hoc|Any CPU.ActiveCfg = Debug|Any CPU
		{BC17FE22-6D84-4322-803D-8412FF045799}.Ad-Hoc|Any CPU.Build.0 = Debug|Any CPU
		{BC17FE22-6D84-4322-803D-8412FF045799}.Ad-Hoc|ARM.ActiveCfg = Debug|Any CPU
		{BC17FE22-6D84-4322-803D-8412FF045799}.Ad-Hoc|ARM.Build.0 = Debug|Any CPU
		{BC17FE22-6D84-4322-803D-8412FF045799}.Ad-Hoc|ARM64.ActiveCfg = Debug|Any CPU
		{BC17FE22-6D84-4322-803D-8412FF045799}.Ad-Hoc|ARM64.Build.0 = Debug|Any CPU
		{BC17FE22-6D84-4322-803D-8412FF045799}.Ad-Hoc|iPhone.ActiveCfg = Debug|Any CPU
		{BC17FE22-6D84-4322-803D-8412FF045799}.Ad-Hoc|iPhone.Build.0 = Debug|Any CPU
		{BC17FE22-6D84-4322-803D-8412FF045799}.Ad-Hoc|iPhoneSimulator.ActiveCfg = Debug|Any CPU
		{BC17FE22-6D84-4322-803D-8412FF045799}.Ad-Hoc|iPhoneSimulator.Build.0 = Debug|Any CPU
		{BC17FE22-6D84-4322-803D-8412FF045799}.Ad-Hoc|x64.ActiveCfg = Debug|Any CPU
		{BC17FE22-6D84-4322-803D-8412FF045799}.Ad-Hoc|x64.Build.0 = Debug|Any CPU
		{BC17FE22-6D84-4322-803D-8412FF045799}.Ad-Hoc|x86.ActiveCfg = Debug|Any CPU
		{BC17FE22-6D84-4322-803D-8412FF045799}.Ad-Hoc|x86.Build.0 = Debug|Any CPU
		{BC17FE22-6D84-4322-803D-8412FF045799}.AppStore|Any CPU.ActiveCfg = Debug|Any CPU
		{BC17FE22-6D84-4322-803D-8412FF045799}.AppStore|Any CPU.Build.0 = Debug|Any CPU
		{BC17FE22-6D84-4322-803D-8412FF045799}.AppStore|ARM.ActiveCfg = Debug|Any CPU
		{BC17FE22-6D84-4322-803D-8412FF045799}.AppStore|ARM.Build.0 = Debug|Any CPU
		{BC17FE22-6D84-4322-803D-8412FF045799}.AppStore|ARM64.ActiveCfg = Debug|Any CPU
		{BC17FE22-6D84-4322-803D-8412FF045799}.AppStore|ARM64.Build.0 = Debug|Any CPU
		{BC17FE22-6D84-4322-803D-8412FF045799}.AppStore|iPhone.ActiveCfg = Debug|Any CPU
		{BC17FE22-6D84-4322-803D-8412FF045799}.AppStore|iPhone.Build.0 = Debug|Any CPU
		{BC17FE22-6D84-4322-803D-8412FF045799}.AppStore|iPhoneSimulator.ActiveCfg = Debug|Any CPU
		{BC17FE22-6D84-4322-803D-8412FF045799}.AppStore|iPhoneSimulator.Build.0 = Debug|Any CPU
		{BC17FE22-6D84-4322-803D-8412FF045799}.AppStore|x64.ActiveCfg = Debug|Any CPU
		{BC17FE22-6D84-4322-803D-8412FF045799}.AppStore|x64.Build.0 = Debug|Any CPU
		{BC17FE22-6D84-4322-803D-8412FF045799}.AppStore|x86.ActiveCfg = Debug|Any CPU
		{BC17FE22-6D84-4322-803D-8412FF045799}.AppStore|x86.Build.0 = Debug|Any CPU
		{BC17FE22-6D84-4322-803D-8412FF045799}.Debug|Any CPU.ActiveCfg = Debug|Any CPU
		{BC17FE22-6D84-4322-803D-8412FF045799}.Debug|Any CPU.Build.0 = Debug|Any CPU
		{BC17FE22-6D84-4322-803D-8412FF045799}.Debug|ARM.ActiveCfg = Debug|Any CPU
		{BC17FE22-6D84-4322-803D-8412FF045799}.Debug|ARM.Build.0 = Debug|Any CPU
		{BC17FE22-6D84-4322-803D-8412FF045799}.Debug|ARM64.ActiveCfg = Debug|Any CPU
		{BC17FE22-6D84-4322-803D-8412FF045799}.Debug|ARM64.Build.0 = Debug|Any CPU
		{BC17FE22-6D84-4322-803D-8412FF045799}.Debug|iPhone.ActiveCfg = Debug|Any CPU
		{BC17FE22-6D84-4322-803D-8412FF045799}.Debug|iPhone.Build.0 = Debug|Any CPU
		{BC17FE22-6D84-4322-803D-8412FF045799}.Debug|iPhoneSimulator.ActiveCfg = Debug|Any CPU
		{BC17FE22-6D84-4322-803D-8412FF045799}.Debug|iPhoneSimulator.Build.0 = Debug|Any CPU
		{BC17FE22-6D84-4322-803D-8412FF045799}.Debug|x64.ActiveCfg = Debug|Any CPU
		{BC17FE22-6D84-4322-803D-8412FF045799}.Debug|x64.Build.0 = Debug|Any CPU
		{BC17FE22-6D84-4322-803D-8412FF045799}.Debug|x86.ActiveCfg = Debug|Any CPU
		{BC17FE22-6D84-4322-803D-8412FF045799}.Debug|x86.Build.0 = Debug|Any CPU
		{BC17FE22-6D84-4322-803D-8412FF045799}.Release|Any CPU.ActiveCfg = Release|Any CPU
		{BC17FE22-6D84-4322-803D-8412FF045799}.Release|Any CPU.Build.0 = Release|Any CPU
		{BC17FE22-6D84-4322-803D-8412FF045799}.Release|ARM.ActiveCfg = Release|Any CPU
		{BC17FE22-6D84-4322-803D-8412FF045799}.Release|ARM.Build.0 = Release|Any CPU
		{BC17FE22-6D84-4322-803D-8412FF045799}.Release|ARM64.ActiveCfg = Release|Any CPU
		{BC17FE22-6D84-4322-803D-8412FF045799}.Release|ARM64.Build.0 = Release|Any CPU
		{BC17FE22-6D84-4322-803D-8412FF045799}.Release|iPhone.ActiveCfg = Release|Any CPU
		{BC17FE22-6D84-4322-803D-8412FF045799}.Release|iPhone.Build.0 = Release|Any CPU
		{BC17FE22-6D84-4322-803D-8412FF045799}.Release|iPhoneSimulator.ActiveCfg = Release|Any CPU
		{BC17FE22-6D84-4322-803D-8412FF045799}.Release|iPhoneSimulator.Build.0 = Release|Any CPU
		{BC17FE22-6D84-4322-803D-8412FF045799}.Release|x64.ActiveCfg = Release|Any CPU
		{BC17FE22-6D84-4322-803D-8412FF045799}.Release|x64.Build.0 = Release|Any CPU
		{BC17FE22-6D84-4322-803D-8412FF045799}.Release|x86.ActiveCfg = Release|Any CPU
		{BC17FE22-6D84-4322-803D-8412FF045799}.Release|x86.Build.0 = Release|Any CPU
	EndGlobalSection
	GlobalSection(SolutionProperties) = preSolution
		HideSolutionNode = FALSE
	EndGlobalSection
	GlobalSection(NestedProjects) = preSolution
		{9A745091-C3D4-4608-A97B-D1249B010DDF} = {ADD45BCB-D5E2-4D5C-A4BD-820833C9597F}
	EndGlobalSection
	GlobalSection(ExtensibilityGlobals) = postSolution
		SolutionGuid = {17B9077E-309C-4379-86AB-16545A0B7E72}
	EndGlobalSection
EndGlobal
